{
	"name": "grammar-composer",
	"version": "0.5.0",
	"lockfileVersion": 3,
	"requires": true,
	"packages": {
		"": {
			"name": "grammar-composer",
			"version": "0.5.0",
			"license": "MIT",
			"dependencies": {
				"regexp-composer": "~0.5.0"
			},
			"devDependencies": {
				"@types/node": "~26.4.0"
			}
		},
		"node_modules/@types/node": {
			"version": "26.4.0",
			"resolved": "https://registry.npmjs.org/@types/node/-/node-26.4.0.tgz",
			"integrity": "sha512-faiGnoIrLH/V8cibOMEAZ8pMw6oXqSukl29ra4mN8GdaB2ZewzeaLj+INpV5N+Z1eKWzY+IzaIZH2EIR6YZRNQ==",
			"dev": true,
			"license": "MIT",
			"dependencies": {
				"undici-types": "~8.3.0"
			}
		},
		"node_modules/regexp-composer": {
			"version": "0.5.0",
			"resolved": "https://registry.npmjs.org/regexp-composer/-/regexp-composer-0.5.0.tgz",
			"integrity": "sha512-1oDge0/tNNKAGxxH2cyO/VyzhbbtawfjhdIH8Vh5EGlypil48FidfJRczoVpiiBjr54JNyVEWeMH7PxYgNOHzA==",
			"license": "MIT"
		},
		"node_modules/undici-types": {
			"version": "8.3.0",
			"resolved": "https://registry.npmjs.org/undici-types/-/undici-types-8.3.0.tgz",
			"integrity": "sha512-j375ScV60dom+YkPFIfTLcOiPxkN/buHz5GobjLhixFuANaNs3C9l4GmrWqejgXWJ7BbJcFYpTEUkS1Ge8bpZQ==",
			"dev": true,
			"license": "MIT"
		}
	}
}
